// !$*UTF8*$!
{
	archiveVersion = 1;
	classes = {
	};
	objectVersion = 52;
	objects = {

/* Begin PBXBuildFile section */
		FB18B886238ACBAC007F7F58 /* LaunchScreen.storyboard in Resources */ = {isa = PBXBuildFile; fileRef = FBBF6DF8238AC9D3004A3E96 /* LaunchScreen.storyboard */; };
		FB18B888238ACC00007F7F58 /* Info.plist in Resources */ = {isa = PBXBuildFile; fileRef = FBE2AF42238496F100D9B618 /* Info.plist */; platformFilter = ios; };
		FBBF6E04238AC9D3004A3E96 /* ViewController.swift in Sources */ = {isa = PBXBuildFile; fileRef = FBBF6DF4238AC9D3004A3E96 /* ViewController.swift */; };
		FBBF6E05238AC9D3004A3E96 /* rpg-characters.json in Resources */ = {isa = PBXBuildFile; fileRef = FBBF6DF6238AC9D3004A3E96 /* rpg-characters.json */; };
		FBBF6E06238AC9D3004A3E96 /* Assets.xcassets in Resources */ = {isa = PBXBuildFile; fileRef = FBBF6DF7238AC9D3004A3E96 /* Assets.xcassets */; };
		FBBF6E08238AC9D3004A3E96 /* Main.storyboard in Resources */ = {isa = PBXBuildFile; fileRef = FBBF6DFA238AC9D3004A3E96 /* Main.storyboard */; };
		FBBF6E09238AC9D3004A3E96 /* Character.swift in Sources */ = {isa = PBXBuildFile; fileRef = FBBF6DFD238AC9D3004A3E96 /* Character.swift */; };
		FBBF6E0A238AC9D3004A3E96 /* CharacterTableViewCell.swift in Sources */ = {isa = PBXBuildFile; fileRef = FBBF6DFE238AC9D3004A3E96 /* CharacterTableViewCell.swift */; };
		FBBF6E0B238AC9D3004A3E96 /* AppDelegate.swift in Sources */ = {isa = PBXBuildFile; fileRef = FBBF6DFF238AC9D3004A3E96 /* AppDelegate.swift */; };
		FBBF6E0C238AC9D3004A3E96 /* CharactersService.swift in Sources */ = {isa = PBXBuildFile; fileRef = FBBF6E01238AC9D3004A3E96 /* CharactersService.swift */; };
		FBBF6E0E238AC9D3004A3E96 /* SceneDelegate.swift in Sources */ = {isa = PBXBuildFile; fileRef = FBBF6E03238AC9D3004A3E96 /* SceneDelegate.swift */; };
		FBE2AF41238496F100D9B618 /* RolePlayingGameTests.swift in Sources */ = {isa = PBXBuildFile; fileRef = FBE2AF40238496F100D9B618 /* RolePlayingGameTests.swift */; };
/* End PBXBuildFile section */

/* Begin PBXContainerItemProxy section */
		FBE2AF3D238496F100D9B618 /* PBXContainerItemProxy */ = {
			isa = PBXContainerItemProxy;
			containerPortal = FBE2AF1E238496EF00D9B618 /* Project object */;
			proxyType = 1;
			remoteGlobalIDString = FBE2AF25238496F000D9B618;
			remoteInfo = "mvvm-rxswift";
		};
/* End PBXContainerItemProxy section */

/* Begin PBXFileReference section */
		FBBF6DF4238AC9D3004A3E96 /* ViewController.swift */ = {isa = PBXFileReference; fileEncoding = 4; lastKnownFileType = sourcecode.swift; path = ViewController.swift; sourceTree = "<group>"; };
		FBBF6DF6238AC9D3004A3E96 /* rpg-characters.json */ = {isa = PBXFileReference; fileEncoding = 4; lastKnownFileType = text.json; path = "rpg-characters.json"; sourceTree = "<group>"; };
		FBBF6DF7238AC9D3004A3E96 /* Assets.xcassets */ = {isa = PBXFileReference; lastKnownFileType = folder.assetcatalog; path = Assets.xcassets; sourceTree = "<group>"; };
		FBBF6DF9238AC9D3004A3E96 /* Base */ = {isa = PBXFileReference; lastKnownFileType = file.storyboard; name = Base; path = Base.lproj/LaunchScreen.storyboard; sourceTree = "<group>"; };
		FBBF6DFB238AC9D3004A3E96 /* Base */ = {isa = PBXFileReference; lastKnownFileType = file.storyboard; name = Base; path = Base.lproj/Main.storyboard; sourceTree = "<group>"; };
		FBBF6DFD238AC9D3004A3E96 /* Character.swift */ = {isa = PBXFileReference; fileEncoding = 4; lastKnownFileType = sourcecode.swift; path = Character.swift; sourceTree = "<group>"; };
		FBBF6DFE238AC9D3004A3E96 /* CharacterTableViewCell.swift */ = {isa = PBXFileReference; fileEncoding = 4; lastKnownFileType = sourcecode.swift; path = CharacterTableViewCell.swift; sourceTree = "<group>"; };
		FBBF6DFF238AC9D3004A3E96 /* AppDelegate.swift */ = {isa = PBXFileReference; fileEncoding = 4; lastKnownFileType = sourcecode.swift; path = AppDelegate.swift; sourceTree = "<group>"; };
		FBBF6E01238AC9D3004A3E96 /* CharactersService.swift */ = {isa = PBXFileReference; fileEncoding = 4; lastKnownFileType = sourcecode.swift; path = CharactersService.swift; sourceTree = "<group>"; };
		FBBF6E02238AC9D3004A3E96 /* Info.plist */ = {isa = PBXFileReference; fileEncoding = 4; lastKnownFileType = text.plist.xml; path = Info.plist; sourceTree = "<group>"; };
		FBBF6E03238AC9D3004A3E96 /* SceneDelegate.swift */ = {isa = PBXFileReference; fileEncoding = 4; lastKnownFileType = sourcecode.swift; path = SceneDelegate.swift; sourceTree = "<group>"; };
		FBE2AF26238496F000D9B618 /* RolePlayingGame.app */ = {isa = PBXFileReference; explicitFileType = wrapper.application; includeInIndex = 0; path = RolePlayingGame.app; sourceTree = BUILT_PRODUCTS_DIR; };
		FBE2AF3C238496F100D9B618 /* RolePlayingGameTests.xctest */ = {isa = PBXFileReference; explicitFileType = wrapper.cfbundle; includeInIndex = 0; path = RolePlayingGameTests.xctest; sourceTree = BUILT_PRODUCTS_DIR; };
		FBE2AF40238496F100D9B618 /* RolePlayingGameTests.swift */ = {isa = PBXFileReference; lastKnownFileType = sourcecode.swift; path = RolePlayingGameTests.swift; sourceTree = "<group>"; };
		FBE2AF42238496F100D9B618 /* Info.plist */ = {isa = PBXFileReference; lastKnownFileType = text.plist.xml; path = Info.plist; sourceTree = "<group>"; };
/* End PBXFileReference section */

/* Begin PBXFrameworksBuildPhase section */
		FBE2AF23238496F000D9B618 /* Frameworks */ = {
			isa = PBXFrameworksBuildPhase;
			buildActionMask = 2147483647;
			files = (
			);
			runOnlyForDeploymentPostprocessing = 0;
		};
		FBE2AF39238496F100D9B618 /* Frameworks */ = {
			isa = PBXFrameworksBuildPhase;
			buildActionMask = 2147483647;
			files = (
			);
			runOnlyForDeploymentPostprocessing = 0;
		};
/* End PBXFrameworksBuildPhase section */

/* Begin PBXGroup section */
		FBBF6DF3238AC9D3004A3E96 /* Sources */ = {
			isa = PBXGroup;
			children = (
				FBBF6DF4238AC9D3004A3E96 /* ViewController.swift */,
				FBBF6DF5238AC9D3004A3E96 /* Repository */,
				FBBF6DF7238AC9D3004A3E96 /* Assets.xcassets */,
				FBBF6DF8238AC9D3004A3E96 /* LaunchScreen.storyboard */,
				FBBF6DFA238AC9D3004A3E96 /* Main.storyboard */,
				FBBF6DFC238AC9D3004A3E96 /* Model */,
				FBBF6DFE238AC9D3004A3E96 /* CharacterTableViewCell.swift */,
				FBBF6DFF238AC9D3004A3E96 /* AppDelegate.swift */,
				FBBF6E00238AC9D3004A3E96 /* Service */,
				FBBF6E02238AC9D3004A3E96 /* Info.plist */,
				FBBF6E03238AC9D3004A3E96 /* SceneDelegate.swift */,
			);
			path = Sources;
			sourceTree = "<group>";
		};
		FBBF6DF5238AC9D3004A3E96 /* Repository */ = {
			isa = PBXGroup;
			children = (
				FBBF6DF6238AC9D3004A3E96 /* rpg-characters.json */,
			);
			path = Repository;
			sourceTree = "<group>";
		};
		FBBF6DFC238AC9D3004A3E96 /* Model */ = {
			isa = PBXGroup;
			children = (
				FBBF6DFD238AC9D3004A3E96 /* Character.swift */,
			);
			path = Model;
			sourceTree = "<group>";
		};
		FBBF6E00238AC9D3004A3E96 /* Service */ = {
			isa = PBXGroup;
			children = (
				FBBF6E01238AC9D3004A3E96 /* CharactersService.swift */,
			);
			path = Service;
			sourceTree = "<group>";
		};
		FBE2AF1D238496EF00D9B618 = {
			isa = PBXGroup;
			children = (
				FBBF6DF3238AC9D3004A3E96 /* Sources */,
				FBE2AF3F238496F100D9B618 /* RolePlayingGameTests */,
				FBE2AF27238496F000D9B618 /* Products */,
			);
			sourceTree = "<group>";
		};
		FBE2AF27238496F000D9B618 /* Products */ = {
			isa = PBXGroup;
			children = (
				FBE2AF26238496F000D9B618 /* RolePlayingGame.app */,
				FBE2AF3C238496F100D9B618 /* RolePlayingGameTests.xctest */,
			);
			name = Products;
			sourceTree = "<group>";
		};
		FBE2AF3F238496F100D9B618 /* RolePlayingGameTests */ = {
			isa = PBXGroup;
			children = (
				FBE2AF40238496F100D9B618 /* RolePlayingGameTests.swift */,
				FBE2AF42238496F100D9B618 /* Info.plist */,
			);
			path = RolePlayingGameTests;
			sourceTree = "<group>";
		};
/* End PBXGroup section */

/* Begin PBXNativeTarget section */
		FBE2AF25238496F000D9B618 /* RolePlayingGame */ = {
			isa = PBXNativeTarget;
			buildConfigurationList = FBE2AF45238496F100D9B618 /* Build configuration list for PBXNativeTarget "RolePlayingGame" */;
			buildPhases = (
				FBE2AF22238496F000D9B618 /* Sources */,
				FBE2AF23238496F000D9B618 /* Frameworks */,
				FBE2AF24238496F000D9B618 /* Resources */,
			);
			buildRules = (
			);
			dependencies = (
			);
			name = RolePlayingGame;
			productName = "mvvm-rxswift";
			productReference = FBE2AF26238496F000D9B618 /* RolePlayingGame.app */;
			productType = "com.apple.product-type.application";
		};
		FBE2AF3B238496F100D9B618 /* RolePlayingGameTests */ = {
			isa = PBXNativeTarget;
			buildConfigurationList = FBE2AF48238496F100D9B618 /* Build configuration list for PBXNativeTarget "RolePlayingGameTests" */;
			buildPhases = (
				FBE2AF38238496F100D9B618 /* Sources */,
				FBE2AF39238496F100D9B618 /* Frameworks */,
				FBE2AF3A238496F100D9B618 /* Resources */,
			);
			buildRules = (
			);
			dependencies = (
				FBE2AF3E238496F100D9B618 /* PBXTargetDependency */,
			);
			name = RolePlayingGameTests;
			productName = "mvvm-rxswiftTests";
			productReference = FBE2AF3C238496F100D9B618 /* RolePlayingGameTests.xctest */;
			productType = "com.apple.product-type.bundle.unit-test";
		};
/* End PBXNativeTarget section */

/* Begin PBXProject section */
		FBE2AF1E238496EF00D9B618 /* Project object */ = {
			isa = PBXProject;
			attributes = {
				LastSwiftUpdateCheck = 1130;
				LastUpgradeCheck = 1130;
				ORGANIZATIONNAME = "Nabil Safatli";
				TargetAttributes = {
					FBE2AF25238496F000D9B618 = {
						CreatedOnToolsVersion = 11.3;
					};
					FBE2AF3B238496F100D9B618 = {
						CreatedOnToolsVersion = 11.3;
						TestTargetID = FBE2AF25238496F000D9B618;
					};
				};
			};
			buildConfigurationList = FBE2AF21238496EF00D9B618 /* Build configuration list for PBXProject "RolePlayingGame" */;
			compatibilityVersion = "Xcode 9.3";
			developmentRegion = en;
			hasScannedForEncodings = 0;
			knownRegions = (
				en,
				Base,
			);
			mainGroup = FBE2AF1D238496EF00D9B618;
			productRefGroup = FBE2AF27238496F000D9B618 /* Products */;
			projectDirPath = "";
			projectRoot = "";
			targets = (
				FBE2AF25238496F000D9B618 /* RolePlayingGame */,
				FBE2AF3B238496F100D9B618 /* RolePlayingGameTests */,
			);
		};
/* End PBXProject section */

/* Begin PBXResourcesBuildPhase section */
		FBE2AF24238496F000D9B618 /* Resources */ = {
			isa = PBXResourcesBuildPhase;
			buildActionMask = 2147483647;
			files = (
				FB18B886238ACBAC007F7F58 /* LaunchScreen.storyboard in Resources */,
				FBBF6E06238AC9D3004A3E96 /* Assets.xcassets in Resources */,
				FBBF6E05238AC9D3004A3E96 /* rpg-characters.json in Resources */,
				FBBF6E08238AC9D3004A3E96 /* Main.storyboard in Resources */,
			);
			runOnlyForDeploymentPostprocessing = 0;
		};
		FBE2AF3A238496F100D9B618 /* Resources */ = {
			isa = PBXResourcesBuildPhase;
			buildActionMask = 2147483647;
			files = (
				FB18B888238ACC00007F7F58 /* Info.plist in Resources */,
			);
			runOnlyForDeploymentPostprocessing = 0;
		};
/* End PBXResourcesBuildPhase section */

/* Begin PBXSourcesBuildPhase section */
		FBE2AF22238496F000D9B618 /* Sources */ = {
			isa = PBXSourcesBuildPhase;
			buildActionMask = 2147483647;
			files = (
				FBBF6E0B238AC9D3004A3E96 /* AppDelegate.swift in Sources */,
				FBBF6E04238AC9D3004A3E96 /* ViewController.swift in Sources */,
				FBBF6E09238AC9D3004A3E96 /* Character.swift in Sources */,
				FBBF6E0A238AC9D3004A3E96 /* CharacterTableViewCell.swift in Sources */,
				FBBF6E0C238AC9D3004A3E96 /* CharactersService.swift in Sources */,
				FBBF6E0E238AC9D3004A3E96 /* SceneDelegate.swift in Sources */,
			);
			runOnlyForDeploymentPostprocessing = 0;
		};
		FBE2AF38238496F100D9B618 /* Sources */ = {
			isa = PBXSourcesBuildPhase;
			buildActionMask = 2147483647;
			files = (
				FBE2AF41238496F100D9B618 /* RolePlayingGameTests.swift in Sources */,
			);
			runOnlyForDeploymentPostprocessing = 0;
		};
/* End PBXSourcesBuildPhase section */

/* Begin PBXTargetDependency section */
		FBE2AF3E238496F100D9B618 /* PBXTargetDependency */ = {
			isa = PBXTargetDependency;
			target = FBE2AF25238496F000D9B618 /* RolePlayingGame */;
			targetProxy = FBE2AF3D238496F100D9B618 /* PBXContainerItemProxy */;
		};
/* End PBXTargetDependency section */

/* Begin PBXVariantGroup section */
		FBBF6DF8238AC9D3004A3E96 /* LaunchScreen.storyboard */ = {
			isa = PBXVariantGroup;
			children = (
				FBBF6DF9238AC9D3004A3E96 /* Base */,
			);
			name = LaunchScreen.storyboard;
			sourceTree = "<group>";
		};
		FBBF6DFA238AC9D3004A3E96 /* Main.storyboard */ = {
			isa = PBXVariantGroup;
			children = (
				FBBF6DFB238AC9D3004A3E96 /* Base */,
			);
			name = Main.storyboard;
			sourceTree = "<group>";
		};
/* End PBXVariantGroup section */

/* Begin XCBuildConfiguration section */
		FBE2AF43238496F100D9B618 /* Debug */ = {
			isa = XCBuildConfiguration;
			buildSettings = {
				ALWAYS_SEARCH_USER_PATHS = NO;
				CLANG_ANALYZER_NONNULL = YES;
				CLANG_ANALYZER_NUMBER_OBJECT_CONVERSION = YES_AGGRESSIVE;
				CLANG_CXX_LANGUAGE_STANDARD = "gnu++14";
				CLANG_CXX_LIBRARY = "libc++";
				CLANG_ENABLE_MODULES = YES;
				CLANG_ENABLE_OBJC_ARC = YES;
				CLANG_ENABLE_OBJC_WEAK = YES;
				CLANG_WARN_BLOCK_CAPTURE_AUTORELEASING = YES;
				CLANG_WARN_BOOL_CONVERSION = YES;
				CLANG_WARN_COMMA = YES;
				CLANG_WARN_CONSTANT_CONVERSION = YES;
				CLANG_WARN_DEPRECATED_OBJC_IMPLEMENTATIONS = YES;
				CLANG_WARN_DIRECT_OBJC_ISA_USAGE = YES_ERROR;
				CLANG_WARN_DOCUMENTATION_COMMENTS = YES;
				CLANG_WARN_EMPTY_BODY = YES;
				CLANG_WARN_ENUM_CONVERSION = YES;
				CLANG_WARN_INFINITE_RECURSION = YES;
				CLANG_WARN_INT_CONVERSION = YES;
				CLANG_WARN_NON_LITERAL_NULL_CONVERSION = YES;
				CLANG_WARN_OBJC_IMPLICIT_RETAIN_SELF = YES;
				CLANG_WARN_OBJC_LITERAL_CONVERSION = YES;
				CLANG_WARN_OBJC_ROOT_CLASS = YES_ERROR;
				CLANG_WARN_RANGE_LOOP_ANALYSIS = YES;
				CLANG_WARN_STRICT_PROTOTYPES = YES;
				CLANG_WARN_SUSPICIOUS_MOVE = YES;
				CLANG_WARN_UNGUARDED_AVAILABILITY = YES_AGGRESSIVE;
				CLANG_WARN_UNREACHABLE_CODE = YES;
				CLANG_WARN__DUPLICATE_METHOD_MATCH = YES;
				COPY_PHASE_STRIP = NO;
				DEBUG_INFORMATION_FORMAT = dwarf;
				ENABLE_STRICT_OBJC_MSGSEND = YES;
				ENABLE_TESTABILITY = YES;
				GCC_C_LANGUAGE_STANDARD = gnu11;
				GCC_DYNAMIC_NO_PIC = NO;
				GCC_NO_COMMON_BLOCKS = YES;
				GCC_OPTIMIZATION_LEVEL = 0;
				GCC_PREPROCESSOR_DEFINITIONS = (
					"DEBUG=1",
					"$(inherited)",
				);
				GCC_WARN_64_TO_32_BIT_CONVERSION = YES;
				GCC_WARN_ABOUT_RETURN_TYPE = YES_ERROR;
				GCC_WARN_UNDECLARED_SELECTOR = YES;
				GCC_WARN_UNINITIALIZED_AUTOS = YES_AGGRESSIVE;
				GCC_WARN_UNUSED_FUNCTION = YES;
				GCC_WARN_UNUSED_VARIABLE = YES;
				IPHONEOS_DEPLOYMENT_TARGET = 13.2;
				MTL_ENABLE_DEBUG_INFO = INCLUDE_SOURCE;
				MTL_FAST_MATH = YES;
				ONLY_ACTIVE_ARCH = YES;
				SDKROOT = iphoneos;
				SWIFT_ACTIVE_COMPILATION_CONDITIONS = DEBUG;
				SWIFT_OPTIMIZATION_LEVEL = "-Onone";
			};
			name = Debug;
		};
		FBE2AF44238496F100D9B618 /* Release */ = {
			isa = XCBuildConfiguration;
			buildSettings = {
				ALWAYS_SEARCH_USER_PATHS = NO;
				CLANG_ANALYZER_NONNULL = YES;
				CLANG_ANALYZER_NUMBER_OBJECT_CONVERSION = YES_AGGRESSIVE;
				CLANG_CXX_LANGUAGE_STANDARD = "gnu++14";
				CLANG_CXX_LIBRARY = "libc++";
				CLANG_ENABLE_MODULES = YES;
				CLANG_ENABLE_OBJC_ARC = YES;
				CLANG_ENABLE_OBJC_WEAK = YES;
				CLANG_WARN_BLOCK_CAPTURE_AUTORELEASING = YES;
				CLANG_WARN_BOOL_CONVERSION = YES;
				CLANG_WARN_COMMA = YES;
				CLANG_WARN_CONSTANT_CONVERSION = YES;
				CLANG_WARN_DEPRECATED_OBJC_IMPLEMENTATIONS = YES;
				CLANG_WARN_DIRECT_OBJC_ISA_USAGE = YES_ERROR;
				CLANG_WARN_DOCUMENTATION_COMMENTS = YES;
				CLANG_WARN_EMPTY_BODY = YES;
				CLANG_WARN_ENUM_CONVERSION = YES;
				CLANG_WARN_INFINITE_RECURSION = YES;
				CLANG_WARN_INT_CONVERSION = YES;
				CLANG_WARN_NON_LITERAL_NULL_CONVERSION = YES;
				CLANG_WARN_OBJC_IMPLICIT_RETAIN_SELF = YES;
				CLANG_WARN_OBJC_LITERAL_CONVERSION = YES;
				CLANG_WARN_OBJC_ROOT_CLASS = YES_ERROR;
				CLANG_WARN_RANGE_LOOP_ANALYSIS = YES;
				CLANG_WARN_STRICT_PROTOTYPES = YES;
				CLANG_WARN_SUSPICIOUS_MOVE = YES;
				CLANG_WARN_UNGUARDED_AVAILABILITY = YES_AGGRESSIVE;
				CLANG_WARN_UNREACHABLE_CODE = YES;
				CLANG_WARN__DUPLICATE_METHOD_MATCH = YES;
				COPY_PHASE_STRIP = NO;
				DEBUG_INFORMATION_FORMAT = "dwarf-with-dsym";
				ENABLE_NS_ASSERTIONS = NO;
				ENABLE_STRICT_OBJC_MSGSEND = YES;
				GCC_C_LANGUAGE_STANDARD = gnu11;
				GCC_NO_COMMON_BLOCKS = YES;
				GCC_WARN_64_TO_32_BIT_CONVERSION = YES;
				GCC_WARN_ABOUT_RETURN_TYPE = YES_ERROR;
				GCC_WARN_UNDECLARED_SELECTOR = YES;
				GCC_WARN_UNINITIALIZED_AUTOS = YES_AGGRESSIVE;
				GCC_WARN_UNUSED_FUNCTION = YES;
				GCC_WARN_UNUSED_VARIABLE = YES;
				IPHONEOS_DEPLOYMENT_TARGET = 13.2;
				MTL_ENABLE_DEBUG_INFO = NO;
				MTL_FAST_MATH = YES;
				SDKROOT = iphoneos;
				SWIFT_COMPILATION_MODE = wholemodule;
				SWIFT_OPTIMIZATION_LEVEL = "-O";
				VALIDATE_PRODUCT = YES;
			};
			name = Release;
		};
		FBE2AF46238496F100D9B618 /* Debug */ = {
			isa = XCBuildConfiguration;
			buildSettings = {
				ASSETCATALOG_COMPILER_APPICON_NAME = AppIcon;
				CODE_SIGN_STYLE = Automatic;
				INFOPLIST_FILE = "$(SRCROOT)/Sources/Info.plist";
				LD_RUNPATH_SEARCH_PATHS = (
					"$(inherited)",
					"@executable_path/Frameworks",
				);
				PRODUCT_BUNDLE_IDENTIFIER = com.nabil.RolePlayingGame;
				PRODUCT_NAME = "$(TARGET_NAME)";
				SWIFT_VERSION = 5.0;
				TARGETED_DEVICE_FAMILY = "1,2";
			};
			name = Debug;
		};
		FBE2AF47238496F100D9B618 /* Release */ = {
			isa = XCBuildConfiguration;
			buildSettings = {
				ASSETCATALOG_COMPILER_APPICON_NAME = AppIcon;
				CODE_SIGN_STYLE = Automatic;
				INFOPLIST_FILE = "$(SRCROOT)/Sources/Info.plist";
				LD_RUNPATH_SEARCH_PATHS = (
					"$(inherited)",
					"@executable_path/Frameworks",
				);
				PRODUCT_BUNDLE_IDENTIFIER = com.nabil.RolePlayingGame;
				PRODUCT_NAME = "$(TARGET_NAME)";
				SWIFT_VERSION = 5.0;
				TARGETED_DEVICE_FAMILY = "1,2";
			};
			name = Release;
		};
		FBE2AF49238496F100D9B618 /* Debug */ = {
			isa = XCBuildConfiguration;
			buildSettings = {
				ALWAYS_EMBED_SWIFT_STANDARD_LIBRARIES = YES;
				BUNDLE_LOADER = "$(TEST_HOST)";
				CODE_SIGN_STYLE = Automatic;
				INFOPLIST_FILE = "mvvm-rxswiftTests/Info.plist";
				IPHONEOS_DEPLOYMENT_TARGET = 13.2;
				LD_RUNPATH_SEARCH_PATHS = (
					"$(inherited)",
					"@executable_path/Frameworks",
					"@loader_path/Frameworks",
				);
				PRODUCT_BUNDLE_IDENTIFIER = "com.nabil.mvvm-rxswiftTests";
				PRODUCT_NAME = "$(TARGET_NAME)";
				SWIFT_VERSION = 5.0;
				TARGETED_DEVICE_FAMILY = "1,2";
				TEST_HOST = "$(BUILT_PRODUCTS_DIR)/RolePlayingGame.app/RolePlayingGame";
			};
			name = Debug;
		};
		FBE2AF4A238496F100D9B618 /* Release */ = {
			isa = XCBuildConfiguration;
			buildSettings = {
				ALWAYS_EMBED_SWIFT_STANDARD_LIBRARIES = YES;
				BUNDLE_LOADER = "$(TEST_HOST)";
				CODE_SIGN_STYLE = Automatic;
				INFOPLIST_FILE = "mvvm-rxswiftTests/Info.plist";
				IPHONEOS_DEPLOYMENT_TARGET = 13.2;
				LD_RUNPATH_SEARCH_PATHS = (
					"$(inherited)",
					"@executable_path/Frameworks",
					"@loader_path/Frameworks",
				);
				PRODUCT_BUNDLE_IDENTIFIER = "com.nabil.mvvm-rxswiftTests";
				PRODUCT_NAME = "$(TARGET_NAME)";
				SWIFT_VERSION = 5.0;
				TARGETED_DEVICE_FAMILY = "1,2";
				TEST_HOST = "$(BUILT_PRODUCTS_DIR)/RolePlayingGame.app/RolePlayingGame";
			};
			name = Release;
		};
/* End XCBuildConfiguration section */

/* Begin XCConfigurationList section */
		FBE2AF21238496EF00D9B618 /* Build configuration list for PBXProject "RolePlayingGame" */ = {
			isa = XCConfigurationList;
			buildConfigurations = (
				FBE2AF43238496F100D9B618 /* Debug */,
				FBE2AF44238496F100D9B618 /* Release */,
			);
			defaultConfigurationIsVisible = 0;
			defaultConfigurationName = Release;
		};
		FBE2AF45238496F100D9B618 /* Build configuration list for PBXNativeTarget "RolePlayingGame" */ = {
			isa = XCConfigurationList;
			buildConfigurations = (
				FBE2AF46238496F100D9B618 /* Debug */,
				FBE2AF47238496F100D9B618 /* Release */,
			);
			defaultConfigurationIsVisible = 0;
			defaultConfigurationName = Release;
		};
		FBE2AF48238496F100D9B618 /* Build configuration list for PBXNativeTarget "RolePlayingGameTests" */ = {
			isa = XCConfigurationList;
			buildConfigurations = (
				FBE2AF49238496F100D9B618 /* Debug */,
				FBE2AF4A238496F100D9B618 /* Release */,
			);
			defaultConfigurationIsVisible = 0;
			defaultConfigurationName = Release;
		};
/* End XCConfigurationList section */
	};
	rootObject = FBE2AF1E238496EF00D9B618 /* Project object */;
}
